
Microsoft Visual Studio Solution File, Format Version 12.00
# Visual Studio Version 16
VisualStudioVersion = 16.0.30413.136
MinimumVisualStudioVersion = 10.0.40219.1
Project("{FAE04EC0-301F-11D3-BF4B-00C04F79EFBC}") = "GilliandMIS4200", "GilliandMIS4200.csproj", "{9DCF9104-F6BB-4349-9FBF-251EBFD420BA}"
EndProject
Global
	GlobalSection(SolutionConfigurationPlatforms) = preSolution
		Debug|Any CPU = Debug|Any CPU
		Release|Any CPU = Release|Any CPU
	EndGlobalSection
	GlobalSection(ProjectConfigurationPlatforms) = postSolution
		{9DCF9104-F6BB-4349-9FBF-251EBFD420BA}.Debug|Any CPU.ActiveCfg = Debug|Any CPU
		{9DCF9104-F6BB-4349-9FBF-251EBFD420BA}.Debug|Any CPU.Build.0 = Debug|Any CPU
		{9DCF9104-F6BB-4349-9FBF-251EBFD420BA}.Release|Any CPU.ActiveCfg = Release|Any CPU
		{9DCF9104-F6BB-4349-9FBF-251EBFD420BA}.Release|Any CPU.Build.0 = Release|Any CPU
	EndGlobalSection
	GlobalSection(SolutionProperties) = preSolution
		HideSolutionNode = FALSE
	EndGlobalSection
	GlobalSection(ExtensibilityGlobals) = postSolution
		SolutionGuid = {21401207-4756-4FF5-9500-5B30137156E8}
	EndGlobalSection
EndGlobal
